
Microsoft Visual Studio Solution File, Format Version 12.00
# Visual Studio Version 17
VisualStudioVersion = 17.14.36202.13 d17.14
MinimumVisualStudioVersion = 10.0.40219.1
Project("{FAE04EC0-301F-11D3-BF4B-00C04F79EFBC}") = "Pratik Abstraction", "Pratik Abstraction\Pratik Abstraction.csproj", "{9057428C-2E08-4D8E-85E4-26831E0676EB}"
EndProject
Global
	GlobalSection(SolutionConfigurationPlatforms) = preSolution
		Debug|Any CPU = Debug|Any CPU
		Release|Any CPU = Release|Any CPU
	EndGlobalSection
	GlobalSection(ProjectConfigurationPlatforms) = postSolution
		{9057428C-2E08-4D8E-85E4-26831E0676EB}.Debug|Any CPU.ActiveCfg = Debug|Any CPU
		{9057428C-2E08-4D8E-85E4-26831E0676EB}.Debug|Any CPU.Build.0 = Debug|Any CPU
		{9057428C-2E08-4D8E-85E4-26831E0676EB}.Release|Any CPU.ActiveCfg = Release|Any CPU
		{9057428C-2E08-4D8E-85E4-26831E0676EB}.Release|Any CPU.Build.0 = Release|Any CPU
	EndGlobalSection
	GlobalSection(SolutionProperties) = preSolution
		HideSolutionNode = FALSE
	EndGlobalSection
	GlobalSection(ExtensibilityGlobals) = postSolution
		SolutionGuid = {1B74A26A-E5CD-41C9-A0EC-8A6B044BF3A1}
	EndGlobalSection
EndGlobal
